
Microsoft Visual Studio Solution File, Format Version 12.00
# Visual Studio 14
VisualStudioVersion = 14.0.25123.0
MinimumVisualStudioVersion = 10.0.40219.1
Project("{FAE04EC0-301F-11D3-BF4B-00C04F79EFBC}") = "ImportDataInParisCube", "ImportDataInParisCube\ImportDataInParisCube.csproj", "{11B64D21-4CBC-47D2-AE85-D8A828536D0D}"
EndProject
Project("{2150E333-8FDC-42A3-9474-1A3956D46DE8}") = "Solution Items", "Solution Items", "{5CD88B19-3538-45D5-9D62-7FC9D55A508F}"
	ProjectSection(SolutionItems) = preProject
		.gitignore = .gitignore
	EndProjectSection
EndProject
Global
	GlobalSection(SolutionConfigurationPlatforms) = preSolution
		Debug|Any CPU = Debug|Any CPU
		Release|Any CPU = Release|Any CPU
	EndGlobalSection
	GlobalSection(ProjectConfigurationPlatforms) = postSolution
		{11B64D21-4CBC-47D2-AE85-D8A828536D0D}.Debug|Any CPU.ActiveCfg = Debug|Any CPU
		{11B64D21-4CBC-47D2-AE85-D8A828536D0D}.Debug|Any CPU.Build.0 = Debug|Any CPU
		{11B64D21-4CBC-47D2-AE85-D8A828536D0D}.Release|Any CPU.ActiveCfg = Release|Any CPU
		{11B64D21-4CBC-47D2-AE85-D8A828536D0D}.Release|Any CPU.Build.0 = Release|Any CPU
	EndGlobalSection
	GlobalSection(SolutionProperties) = preSolution
		HideSolutionNode = FALSE
	EndGlobalSection
EndGlobal
